
Microsoft Visual Studio Solution File, Format Version 12.00
# Visual Studio Version 17
VisualStudioVersion = 17.5.33502.453
MinimumVisualStudioVersion = 10.0.40219.1
Project("{FAE04EC0-301F-11D3-BF4B-00C04F79EFBC}") = "Calc", "Calc\Calc.csproj", "{53805B35-3440-425E-87B9-F182C535F843}"
EndProject
Global
	GlobalSection(SolutionConfigurationPlatforms) = preSolution
		Debug|Any CPU = Debug|Any CPU
		Release|Any CPU = Release|Any CPU
	EndGlobalSection
	GlobalSection(ProjectConfigurationPlatforms) = postSolution
		{53805B35-3440-425E-87B9-F182C535F843}.Debug|Any CPU.ActiveCfg = Debug|Any CPU
		{53805B35-3440-425E-87B9-F182C535F843}.Debug|Any CPU.Build.0 = Debug|Any CPU
		{53805B35-3440-425E-87B9-F182C535F843}.Release|Any CPU.ActiveCfg = Release|Any CPU
		{53805B35-3440-425E-87B9-F182C535F843}.Release|Any CPU.Build.0 = Release|Any CPU
	EndGlobalSection
	GlobalSection(SolutionProperties) = preSolution
		HideSolutionNode = FALSE
	EndGlobalSection
	GlobalSection(ExtensibilityGlobals) = postSolution
		SolutionGuid = {D7A92275-3306-4B4B-B512-3C495703BD1E}
	EndGlobalSection
EndGlobal
